// !$*UTF8*$!
{
	archiveVersion = 1;
	classes = {
	};
	objectVersion = 56;
	objects = {

/* Begin PBXBuildFile section */
		C97615825BE1DC581AC37CDE /* Pods_PupSnap.framework in Frameworks */ = {isa = PBXBuildFile; fileRef = BDF558EF0579FA9B93E0CD40 /* Pods_PupSnap.framework */; };
		FA35904E2C33B2AC00E417B1 /* AppDelegate.swift in Sources */ = {isa = PBXBuildFile; fileRef = FA35904D2C33B2AC00E417B1 /* AppDelegate.swift */; };
		FA3590502C33B2AC00E417B1 /* SceneDelegate.swift in Sources */ = {isa = PBXBuildFile; fileRef = FA35904F2C33B2AC00E417B1 /* SceneDelegate.swift */; };
		FA3590522C33B2AC00E417B1 /* PhotoVC.swift in Sources */ = {isa = PBXBuildFile; fileRef = FA3590512C33B2AC00E417B1 /* PhotoVC.swift */; };
		FA3590572C33B2AD00E417B1 /* Assets.xcassets in Resources */ = {isa = PBXBuildFile; fileRef = FA3590562C33B2AD00E417B1 /* Assets.xcassets */; };
		FA35905A2C33B2AD00E417B1 /* Base in Resources */ = {isa = PBXBuildFile; fileRef = FA3590592C33B2AD00E417B1 /* Base */; };
		FA3590622C33B30000E417B1 /* FeedVC.swift in Sources */ = {isa = PBXBuildFile; fileRef = FA3590612C33B30000E417B1 /* FeedVC.swift */; };
		FA35906B2C34A46E00E417B1 /* SophiePhotoCell.swift in Sources */ = {isa = PBXBuildFile; fileRef = FA35906A2C34A46E00E417B1 /* SophiePhotoCell.swift */; };
		FA3590722C34D65C00E417B1 /* NetworkManager.swift in Sources */ = {isa = PBXBuildFile; fileRef = FA3590712C34D65C00E417B1 /* NetworkManager.swift */; };
		FA3590762C34D95C00E417B1 /* StorageHelper.swift in Sources */ = {isa = PBXBuildFile; fileRef = FA3590752C34D95C00E417B1 /* StorageHelper.swift */; };
		FA3590782C34E14B00E417B1 /* SpinnerVC.swift in Sources */ = {isa = PBXBuildFile; fileRef = FA3590772C34E14B00E417B1 /* SpinnerVC.swift */; };
		FA3590862C35223300E417B1 /* FullScreenPhotoVC.swift in Sources */ = {isa = PBXBuildFile; fileRef = FA3590852C35223300E417B1 /* FullScreenPhotoVC.swift */; };
		FA63FF972C368B450070165E /* CrashlyticsCrashButton.swift in Sources */ = {isa = PBXBuildFile; fileRef = FA63FF962C368B450070165E /* CrashlyticsCrashButton.swift */; };
		FA63FFAD2C372D370070165E /* PhotoEditorVC.swift in Sources */ = {isa = PBXBuildFile; fileRef = FA63FFAC2C372D370070165E /* PhotoEditorVC.swift */; };
		FA63FFB02C373ED40070165E /* SpeechBubbleView.swift in Sources */ = {isa = PBXBuildFile; fileRef = FA63FFAF2C373ED40070165E /* SpeechBubbleView.swift */; };
		FA63FFB22C3745660070165E /* LineView.swift in Sources */ = {isa = PBXBuildFile; fileRef = FA63FFB12C3745660070165E /* LineView.swift */; };
		FA63FFB52C37519F0070165E /* UIImageView+Ext.swift in Sources */ = {isa = PBXBuildFile; fileRef = FA63FFB42C37519F0070165E /* UIImageView+Ext.swift */; };
		FA63FFBF2C37E2710070165E /* RatingViewController.swift in Sources */ = {isa = PBXBuildFile; fileRef = FA63FFBE2C37E2710070165E /* RatingViewController.swift */; };
		FA63FFC52C390CDF0070165E /* DatabaseHelper.swift in Sources */ = {isa = PBXBuildFile; fileRef = FA63FFC42C390CDF0070165E /* DatabaseHelper.swift */; };
		FA63FFC72C390E9C0070165E /* AppCheckProviderFactory.swift in Sources */ = {isa = PBXBuildFile; fileRef = FA63FFC62C390E9C0070165E /* AppCheckProviderFactory.swift */; };
		FA63FFC92C3916B00070165E /* Photo.swift in Sources */ = {isa = PBXBuildFile; fileRef = FA63FFC82C3916B00070165E /* Photo.swift */; };
		FA63FFCB2C391DB80070165E /* PSError.swift in Sources */ = {isa = PBXBuildFile; fileRef = FA63FFCA2C391DB80070165E /* PSError.swift */; };
		FA63FFCD2C39231B0070165E /* PersistenceManager.swift in Sources */ = {isa = PBXBuildFile; fileRef = FA63FFCC2C39231B0070165E /* PersistenceManager.swift */; };
		FA80BCCA2C4ADC9400CE7C50 /* NotificationPhotoVC.swift in Sources */ = {isa = PBXBuildFile; fileRef = FA80BCC92C4ADC9400CE7C50 /* NotificationPhotoVC.swift */; };
		FA80BCCC2C4AFA9300CE7C50 /* LaunchManager.swift in Sources */ = {isa = PBXBuildFile; fileRef = FA80BCCB2C4AFA9300CE7C50 /* LaunchManager.swift */; };
		FA80BCD02C4B711000CE7C50 /* Toast.swift in Sources */ = {isa = PBXBuildFile; fileRef = FA80BCCF2C4B711000CE7C50 /* Toast.swift */; };
		FA80BCD22C4F072E00CE7C50 /* OnboardingView.swift in Sources */ = {isa = PBXBuildFile; fileRef = FA80BCD12C4F072E00CE7C50 /* OnboardingView.swift */; };
		FA80BCD42C4F335200CE7C50 /* OnboardingVM.swift in Sources */ = {isa = PBXBuildFile; fileRef = FA80BCD32C4F335200CE7C50 /* OnboardingVM.swift */; };
		FA80BCEE2C509EA000CE7C50 /* Roboto-Black.ttf in Resources */ = {isa = PBXBuildFile; fileRef = FA80BCE22C509EA000CE7C50 /* Roboto-Black.ttf */; };
		FA80BCEF2C509EA000CE7C50 /* Roboto-Light.ttf in Resources */ = {isa = PBXBuildFile; fileRef = FA80BCE32C509EA000CE7C50 /* Roboto-Light.ttf */; };
		FA80BCF02C509EA000CE7C50 /* Roboto-Bold.ttf in Resources */ = {isa = PBXBuildFile; fileRef = FA80BCE42C509EA000CE7C50 /* Roboto-Bold.ttf */; };
		FA80BCF12C509EA000CE7C50 /* Roboto-Thin.ttf in Resources */ = {isa = PBXBuildFile; fileRef = FA80BCE52C509EA000CE7C50 /* Roboto-Thin.ttf */; };
		FA80BCF22C509EA000CE7C50 /* Roboto-BlackItalic.ttf in Resources */ = {isa = PBXBuildFile; fileRef = FA80BCE62C509EA000CE7C50 /* Roboto-BlackItalic.ttf */; };
		FA80BCF32C509EA000CE7C50 /* Roboto-ThinItalic.ttf in Resources */ = {isa = PBXBuildFile; fileRef = FA80BCE72C509EA000CE7C50 /* Roboto-ThinItalic.ttf */; };
		FA80BCF42C509EA000CE7C50 /* Roboto-BoldItalic.ttf in Resources */ = {isa = PBXBuildFile; fileRef = FA80BCE82C509EA000CE7C50 /* Roboto-BoldItalic.ttf */; };
		FA80BCF52C509EA000CE7C50 /* Roboto-Italic.ttf in Resources */ = {isa = PBXBuildFile; fileRef = FA80BCE92C509EA000CE7C50 /* Roboto-Italic.ttf */; };
		FA80BCF62C509EA000CE7C50 /* Roboto-MediumItalic.ttf in Resources */ = {isa = PBXBuildFile; fileRef = FA80BCEA2C509EA000CE7C50 /* Roboto-MediumItalic.ttf */; };
		FA80BCF72C509EA000CE7C50 /* Roboto-Medium.ttf in Resources */ = {isa = PBXBuildFile; fileRef = FA80BCEB2C509EA000CE7C50 /* Roboto-Medium.ttf */; };
		FA80BCF82C509EA000CE7C50 /* Roboto-Regular.ttf in Resources */ = {isa = PBXBuildFile; fileRef = FA80BCEC2C509EA000CE7C50 /* Roboto-Regular.ttf */; };
		FA80BCF92C509EA000CE7C50 /* Roboto-LightItalic.ttf in Resources */ = {isa = PBXBuildFile; fileRef = FA80BCED2C509EA000CE7C50 /* Roboto-LightItalic.ttf */; };
		FA80BCFB2C50A0F500CE7C50 /* ShadowsIntoLight-Regular.ttf in Resources */ = {isa = PBXBuildFile; fileRef = FA80BCFA2C50A0F500CE7C50 /* ShadowsIntoLight-Regular.ttf */; };
		FA80BCFF2C50A4D000CE7C50 /* Font+Ext.swift in Sources */ = {isa = PBXBuildFile; fileRef = FA80BCFE2C50A4D000CE7C50 /* Font+Ext.swift */; };
		FA80BD012C50A82100CE7C50 /* Handlee-Regular.ttf in Resources */ = {isa = PBXBuildFile; fileRef = FA80BD002C50A82000CE7C50 /* Handlee-Regular.ttf */; };
		FA962EC82C5AAF8D00F95205 /* ReemKufi-Medium.ttf in Resources */ = {isa = PBXBuildFile; fileRef = FA962EC42C5AAF8C00F95205 /* ReemKufi-Medium.ttf */; };
		FA962EC92C5AAF8D00F95205 /* ReemKufi-Bold.ttf in Resources */ = {isa = PBXBuildFile; fileRef = FA962EC52C5AAF8D00F95205 /* ReemKufi-Bold.ttf */; };
		FA962ECA2C5AAF8D00F95205 /* ReemKufi-Regular.ttf in Resources */ = {isa = PBXBuildFile; fileRef = FA962EC62C5AAF8D00F95205 /* ReemKufi-Regular.ttf */; };
		FA962ECB2C5AAF8D00F95205 /* ReemKufi-SemiBold.ttf in Resources */ = {isa = PBXBuildFile; fileRef = FA962EC72C5AAF8D00F95205 /* ReemKufi-SemiBold.ttf */; };
		FA962ECD2C5AC07400F95205 /* UIColor+Ext.swift in Sources */ = {isa = PBXBuildFile; fileRef = FA962ECC2C5AC07400F95205 /* UIColor+Ext.swift */; };
		FA962ECF2C5ACC2200F95205 /* String+Ext.swift in Sources */ = {isa = PBXBuildFile; fileRef = FA962ECE2C5ACC2200F95205 /* String+Ext.swift */; };
		FA962ED12C5ACCBC00F95205 /* OnboardingDogView.swift in Sources */ = {isa = PBXBuildFile; fileRef = FA962ED02C5ACCBC00F95205 /* OnboardingDogView.swift */; };
		FAD07D3A2C45C9B900A3ECBF /* SettingsView.swift in Sources */ = {isa = PBXBuildFile; fileRef = FAD07D392C45C9B900A3ECBF /* SettingsView.swift */; };
		FAD07D3C2C45C9E300A3ECBF /* SettingsVC.swift in Sources */ = {isa = PBXBuildFile; fileRef = FAD07D3B2C45C9E300A3ECBF /* SettingsVC.swift */; };
		FAD07D3E2C45CE9100A3ECBF /* PairingView.swift in Sources */ = {isa = PBXBuildFile; fileRef = FAD07D3D2C45CE9100A3ECBF /* PairingView.swift */; };
		FAD07D432C46098A00A3ECBF /* SettingsViewModel.swift in Sources */ = {isa = PBXBuildFile; fileRef = FAD07D422C46098A00A3ECBF /* SettingsViewModel.swift */; };
		FAD07D452C46571400A3ECBF /* DogView.swift in Sources */ = {isa = PBXBuildFile; fileRef = FAD07D442C46571400A3ECBF /* DogView.swift */; };
		FAD07D6E2C465BC600A3ECBF /* Dog.swift in Sources */ = {isa = PBXBuildFile; fileRef = FAD07D6D2C465BC600A3ECBF /* Dog.swift */; };
		FAD07D702C46E42100A3ECBF /* GoogleService-Info.plist in Resources */ = {isa = PBXBuildFile; fileRef = FAD07D6F2C46E42100A3ECBF /* GoogleService-Info.plist */; };
		FAD07D742C46EA7D00A3ECBF /* RemoteConfigManager.swift in Sources */ = {isa = PBXBuildFile; fileRef = FAD07D732C46EA7D00A3ECBF /* RemoteConfigManager.swift */; };
		FAD07D762C46F9A200A3ECBF /* UIApplication+Ext.swift in Sources */ = {isa = PBXBuildFile; fileRef = FAD07D752C46F9A200A3ECBF /* UIApplication+Ext.swift */; };
		FAD07D7F2C4781CE00A3ECBF /* LinkManager.swift in Sources */ = {isa = PBXBuildFile; fileRef = FAD07D7E2C4781CE00A3ECBF /* LinkManager.swift */; };
		FAD07D912C483AD900A3ECBF /* PasteModalVC.swift in Sources */ = {isa = PBXBuildFile; fileRef = FAD07D902C483AD900A3ECBF /* PasteModalVC.swift */; };
		FAD07D932C48C2EA00A3ECBF /* LoadingVC.swift in Sources */ = {isa = PBXBuildFile; fileRef = FAD07D922C48C2EA00A3ECBF /* LoadingVC.swift */; };
		FAD07D952C49664900A3ECBF /* remote_config_defaults.plist in Resources */ = {isa = PBXBuildFile; fileRef = FAD07D942C49664900A3ECBF /* remote_config_defaults.plist */; };
/* End PBXBuildFile section */

/* Begin PBXFileReference section */
		1D4E08169BCCF250D857905A /* Pods-PupSnap.release.xcconfig */ = {isa = PBXFileReference; includeInIndex = 1; lastKnownFileType = text.xcconfig; name = "Pods-PupSnap.release.xcconfig"; path = "Target Support Files/Pods-PupSnap/Pods-PupSnap.release.xcconfig"; sourceTree = "<group>"; };
		BDF558EF0579FA9B93E0CD40 /* Pods_PupSnap.framework */ = {isa = PBXFileReference; explicitFileType = wrapper.framework; includeInIndex = 0; path = Pods_PupSnap.framework; sourceTree = BUILT_PRODUCTS_DIR; };
		E44E6795DF65B22051E32CF3 /* Pods-PupSnap.debug.xcconfig */ = {isa = PBXFileReference; includeInIndex = 1; lastKnownFileType = text.xcconfig; name = "Pods-PupSnap.debug.xcconfig"; path = "Target Support Files/Pods-PupSnap/Pods-PupSnap.debug.xcconfig"; sourceTree = "<group>"; };
		FA35904A2C33B2AC00E417B1 /* PupSnap.app */ = {isa = PBXFileReference; explicitFileType = wrapper.application; includeInIndex = 0; path = PupSnap.app; sourceTree = BUILT_PRODUCTS_DIR; };
		FA35904D2C33B2AC00E417B1 /* AppDelegate.swift */ = {isa = PBXFileReference; lastKnownFileType = sourcecode.swift; path = AppDelegate.swift; sourceTree = "<group>"; };
		FA35904F2C33B2AC00E417B1 /* SceneDelegate.swift */ = {isa = PBXFileReference; lastKnownFileType = sourcecode.swift; path = SceneDelegate.swift; sourceTree = "<group>"; };
		FA3590512C33B2AC00E417B1 /* PhotoVC.swift */ = {isa = PBXFileReference; lastKnownFileType = sourcecode.swift; path = PhotoVC.swift; sourceTree = "<group>"; };
		FA3590562C33B2AD00E417B1 /* Assets.xcassets */ = {isa = PBXFileReference; lastKnownFileType = folder.assetcatalog; path = Assets.xcassets; sourceTree = "<group>"; };
		FA3590592C33B2AD00E417B1 /* Base */ = {isa = PBXFileReference; lastKnownFileType = file.storyboard; name = Base; path = Base.lproj/LaunchScreen.storyboard; sourceTree = "<group>"; };
		FA35905B2C33B2AD00E417B1 /* Info.plist */ = {isa = PBXFileReference; lastKnownFileType = text.plist.xml; path = Info.plist; sourceTree = "<group>"; };
		FA3590612C33B30000E417B1 /* FeedVC.swift */ = {isa = PBXFileReference; lastKnownFileType = sourcecode.swift; path = FeedVC.swift; sourceTree = "<group>"; };
		FA35906A2C34A46E00E417B1 /* SophiePhotoCell.swift */ = {isa = PBXFileReference; lastKnownFileType = sourcecode.swift; path = SophiePhotoCell.swift; sourceTree = "<group>"; };
		FA3590712C34D65C00E417B1 /* NetworkManager.swift */ = {isa = PBXFileReference; lastKnownFileType = sourcecode.swift; path = NetworkManager.swift; sourceTree = "<group>"; };
		FA3590752C34D95C00E417B1 /* StorageHelper.swift */ = {isa = PBXFileReference; lastKnownFileType = sourcecode.swift; path = StorageHelper.swift; sourceTree = "<group>"; };
		FA3590772C34E14B00E417B1 /* SpinnerVC.swift */ = {isa = PBXFileReference; lastKnownFileType = sourcecode.swift; path = SpinnerVC.swift; sourceTree = "<group>"; };
		FA3590842C350A7800E417B1 /* PupSnap.entitlements */ = {isa = PBXFileReference; lastKnownFileType = text.plist.entitlements; path = PupSnap.entitlements; sourceTree = "<group>"; };
		FA3590852C35223300E417B1 /* FullScreenPhotoVC.swift */ = {isa = PBXFileReference; lastKnownFileType = sourcecode.swift; path = FullScreenPhotoVC.swift; sourceTree = "<group>"; };
		FA63FF962C368B450070165E /* CrashlyticsCrashButton.swift */ = {isa = PBXFileReference; lastKnownFileType = sourcecode.swift; path = CrashlyticsCrashButton.swift; sourceTree = "<group>"; };
		FA63FFAC2C372D370070165E /* PhotoEditorVC.swift */ = {isa = PBXFileReference; lastKnownFileType = sourcecode.swift; path = PhotoEditorVC.swift; sourceTree = "<group>"; };
		FA63FFAF2C373ED40070165E /* SpeechBubbleView.swift */ = {isa = PBXFileReference; lastKnownFileType = sourcecode.swift; path = SpeechBubbleView.swift; sourceTree = "<group>"; };
		FA63FFB12C3745660070165E /* LineView.swift */ = {isa = PBXFileReference; lastKnownFileType = sourcecode.swift; path = LineView.swift; sourceTree = "<group>"; };
		FA63FFB42C37519F0070165E /* UIImageView+Ext.swift */ = {isa = PBXFileReference; lastKnownFileType = sourcecode.swift; path = "UIImageView+Ext.swift"; sourceTree = "<group>"; };
		FA63FFBE2C37E2710070165E /* RatingViewController.swift */ = {isa = PBXFileReference; lastKnownFileType = sourcecode.swift; path = RatingViewController.swift; sourceTree = "<group>"; };
		FA63FFC42C390CDF0070165E /* DatabaseHelper.swift */ = {isa = PBXFileReference; lastKnownFileType = sourcecode.swift; path = DatabaseHelper.swift; sourceTree = "<group>"; };
		FA63FFC62C390E9C0070165E /* AppCheckProviderFactory.swift */ = {isa = PBXFileReference; lastKnownFileType = sourcecode.swift; path = AppCheckProviderFactory.swift; sourceTree = "<group>"; };
		FA63FFC82C3916B00070165E /* Photo.swift */ = {isa = PBXFileReference; lastKnownFileType = sourcecode.swift; path = Photo.swift; sourceTree = "<group>"; };
		FA63FFCA2C391DB80070165E /* PSError.swift */ = {isa = PBXFileReference; lastKnownFileType = sourcecode.swift; path = PSError.swift; sourceTree = "<group>"; };
		FA63FFCC2C39231B0070165E /* PersistenceManager.swift */ = {isa = PBXFileReference; lastKnownFileType = sourcecode.swift; path = PersistenceManager.swift; sourceTree = "<group>"; };
		FA80BCC92C4ADC9400CE7C50 /* NotificationPhotoVC.swift */ = {isa = PBXFileReference; lastKnownFileType = sourcecode.swift; path = NotificationPhotoVC.swift; sourceTree = "<group>"; };
		FA80BCCB2C4AFA9300CE7C50 /* LaunchManager.swift */ = {isa = PBXFileReference; lastKnownFileType = sourcecode.swift; path = LaunchManager.swift; sourceTree = "<group>"; };
		FA80BCCF2C4B711000CE7C50 /* Toast.swift */ = {isa = PBXFileReference; lastKnownFileType = sourcecode.swift; path = Toast.swift; sourceTree = "<group>"; };
		FA80BCD12C4F072E00CE7C50 /* OnboardingView.swift */ = {isa = PBXFileReference; lastKnownFileType = sourcecode.swift; path = OnboardingView.swift; sourceTree = "<group>"; };
		FA80BCD32C4F335200CE7C50 /* OnboardingVM.swift */ = {isa = PBXFileReference; lastKnownFileType = sourcecode.swift; path = OnboardingVM.swift; sourceTree = "<group>"; };
		FA80BCD72C507F9300CE7C50 /* StoreKit.framework */ = {isa = PBXFileReference; lastKnownFileType = wrapper.framework; name = StoreKit.framework; path = System/Library/Frameworks/StoreKit.framework; sourceTree = SDKROOT; };
		FA80BCD92C507F9A00CE7C50 /* CoreSpotlight.framework */ = {isa = PBXFileReference; lastKnownFileType = wrapper.framework; name = CoreSpotlight.framework; path = System/Library/Frameworks/CoreSpotlight.framework; sourceTree = SDKROOT; };
		FA80BCDB2C507F9F00CE7C50 /* CoreServices.framework */ = {isa = PBXFileReference; lastKnownFileType = wrapper.framework; name = CoreServices.framework; path = System/Library/Frameworks/CoreServices.framework; sourceTree = SDKROOT; };
		FA80BCDD2C507FA400CE7C50 /* WebKit.framework */ = {isa = PBXFileReference; lastKnownFileType = wrapper.framework; name = WebKit.framework; path = System/Library/Frameworks/WebKit.framework; sourceTree = SDKROOT; };
		FA80BCDF2C507FAC00CE7C50 /* CoreTelephony.framework */ = {isa = PBXFileReference; lastKnownFileType = wrapper.framework; name = CoreTelephony.framework; path = System/Library/Frameworks/CoreTelephony.framework; sourceTree = SDKROOT; };
		FA80BCE22C509EA000CE7C50 /* Roboto-Black.ttf */ = {isa = PBXFileReference; lastKnownFileType = file; path = "Roboto-Black.ttf"; sourceTree = "<group>"; };
		FA80BCE32C509EA000CE7C50 /* Roboto-Light.ttf */ = {isa = PBXFileReference; lastKnownFileType = file; path = "Roboto-Light.ttf"; sourceTree = "<group>"; };
		FA80BCE42C509EA000CE7C50 /* Roboto-Bold.ttf */ = {isa = PBXFileReference; lastKnownFileType = file; path = "Roboto-Bold.ttf"; sourceTree = "<group>"; };
		FA80BCE52C509EA000CE7C50 /* Roboto-Thin.ttf */ = {isa = PBXFileReference; lastKnownFileType = file; path = "Roboto-Thin.ttf"; sourceTree = "<group>"; };
		FA80BCE62C509EA000CE7C50 /* Roboto-BlackItalic.ttf */ = {isa = PBXFileReference; lastKnownFileType = file; path = "Roboto-BlackItalic.ttf"; sourceTree = "<group>"; };
		FA80BCE72C509EA000CE7C50 /* Roboto-ThinItalic.ttf */ = {isa = PBXFileReference; lastKnownFileType = file; path = "Roboto-ThinItalic.ttf"; sourceTree = "<group>"; };
		FA80BCE82C509EA000CE7C50 /* Roboto-BoldItalic.ttf */ = {isa = PBXFileReference; lastKnownFileType = file; path = "Roboto-BoldItalic.ttf"; sourceTree = "<group>"; };
		FA80BCE92C509EA000CE7C50 /* Roboto-Italic.ttf */ = {isa = PBXFileReference; lastKnownFileType = file; path = "Roboto-Italic.ttf"; sourceTree = "<group>"; };
		FA80BCEA2C509EA000CE7C50 /* Roboto-MediumItalic.ttf */ = {isa = PBXFileReference; lastKnownFileType = file; path = "Roboto-MediumItalic.ttf"; sourceTree = "<group>"; };
		FA80BCEB2C509EA000CE7C50 /* Roboto-Medium.ttf */ = {isa = PBXFileReference; lastKnownFileType = file; path = "Roboto-Medium.ttf"; sourceTree = "<group>"; };
		FA80BCEC2C509EA000CE7C50 /* Roboto-Regular.ttf */ = {isa = PBXFileReference; lastKnownFileType = file; path = "Roboto-Regular.ttf"; sourceTree = "<group>"; };
		FA80BCED2C509EA000CE7C50 /* Roboto-LightItalic.ttf */ = {isa = PBXFileReference; lastKnownFileType = file; path = "Roboto-LightItalic.ttf"; sourceTree = "<group>"; };
		FA80BCFA2C50A0F500CE7C50 /* ShadowsIntoLight-Regular.ttf */ = {isa = PBXFileReference; lastKnownFileType = file; path = "ShadowsIntoLight-Regular.ttf"; sourceTree = "<group>"; };
		FA80BCFE2C50A4D000CE7C50 /* Font+Ext.swift */ = {isa = PBXFileReference; lastKnownFileType = sourcecode.swift; path = "Font+Ext.swift"; sourceTree = "<group>"; };
		FA80BD002C50A82000CE7C50 /* Handlee-Regular.ttf */ = {isa = PBXFileReference; lastKnownFileType = file; path = "Handlee-Regular.ttf"; sourceTree = "<group>"; };
		FA962EC42C5AAF8C00F95205 /* ReemKufi-Medium.ttf */ = {isa = PBXFileReference; lastKnownFileType = file; path = "ReemKufi-Medium.ttf"; sourceTree = "<group>"; };
		FA962EC52C5AAF8D00F95205 /* ReemKufi-Bold.ttf */ = {isa = PBXFileReference; lastKnownFileType = file; path = "ReemKufi-Bold.ttf"; sourceTree = "<group>"; };
		FA962EC62C5AAF8D00F95205 /* ReemKufi-Regular.ttf */ = {isa = PBXFileReference; lastKnownFileType = file; path = "ReemKufi-Regular.ttf"; sourceTree = "<group>"; };
		FA962EC72C5AAF8D00F95205 /* ReemKufi-SemiBold.ttf */ = {isa = PBXFileReference; lastKnownFileType = file; path = "ReemKufi-SemiBold.ttf"; sourceTree = "<group>"; };
		FA962ECC2C5AC07400F95205 /* UIColor+Ext.swift */ = {isa = PBXFileReference; lastKnownFileType = sourcecode.swift; path = "UIColor+Ext.swift"; sourceTree = "<group>"; };
		FA962ECE2C5ACC2200F95205 /* String+Ext.swift */ = {isa = PBXFileReference; lastKnownFileType = sourcecode.swift; path = "String+Ext.swift"; sourceTree = "<group>"; };
		FA962ED02C5ACCBC00F95205 /* OnboardingDogView.swift */ = {isa = PBXFileReference; lastKnownFileType = sourcecode.swift; path = OnboardingDogView.swift; sourceTree = "<group>"; };
		FAD07D392C45C9B900A3ECBF /* SettingsView.swift */ = {isa = PBXFileReference; lastKnownFileType = sourcecode.swift; path = SettingsView.swift; sourceTree = "<group>"; };
		FAD07D3B2C45C9E300A3ECBF /* SettingsVC.swift */ = {isa = PBXFileReference; lastKnownFileType = sourcecode.swift; path = SettingsVC.swift; sourceTree = "<group>"; };
		FAD07D3D2C45CE9100A3ECBF /* PairingView.swift */ = {isa = PBXFileReference; lastKnownFileType = sourcecode.swift; path = PairingView.swift; sourceTree = "<group>"; };
		FAD07D422C46098A00A3ECBF /* SettingsViewModel.swift */ = {isa = PBXFileReference; lastKnownFileType = sourcecode.swift; path = SettingsViewModel.swift; sourceTree = "<group>"; };
		FAD07D442C46571400A3ECBF /* DogView.swift */ = {isa = PBXFileReference; lastKnownFileType = sourcecode.swift; path = DogView.swift; sourceTree = "<group>"; };
		FAD07D6D2C465BC600A3ECBF /* Dog.swift */ = {isa = PBXFileReference; lastKnownFileType = sourcecode.swift; path = Dog.swift; sourceTree = "<group>"; };
		FAD07D6F2C46E42100A3ECBF /* GoogleService-Info.plist */ = {isa = PBXFileReference; fileEncoding = 4; lastKnownFileType = text.plist.xml; path = "GoogleService-Info.plist"; sourceTree = "<group>"; };
		FAD07D732C46EA7D00A3ECBF /* RemoteConfigManager.swift */ = {isa = PBXFileReference; lastKnownFileType = sourcecode.swift; path = RemoteConfigManager.swift; sourceTree = "<group>"; };
		FAD07D752C46F9A200A3ECBF /* UIApplication+Ext.swift */ = {isa = PBXFileReference; lastKnownFileType = sourcecode.swift; path = "UIApplication+Ext.swift"; sourceTree = "<group>"; };
		FAD07D7E2C4781CE00A3ECBF /* LinkManager.swift */ = {isa = PBXFileReference; lastKnownFileType = sourcecode.swift; path = LinkManager.swift; sourceTree = "<group>"; };
		FAD07D902C483AD900A3ECBF /* PasteModalVC.swift */ = {isa = PBXFileReference; lastKnownFileType = sourcecode.swift; path = PasteModalVC.swift; sourceTree = "<group>"; };
		FAD07D922C48C2EA00A3ECBF /* LoadingVC.swift */ = {isa = PBXFileReference; lastKnownFileType = sourcecode.swift; path = LoadingVC.swift; sourceTree = "<group>"; };
		FAD07D942C49664900A3ECBF /* remote_config_defaults.plist */ = {isa = PBXFileReference; fileEncoding = 4; lastKnownFileType = text.plist.xml; name = remote_config_defaults.plist; path = ../../../../Downloads/remote_config_defaults.plist; sourceTree = "<group>"; };
/* End PBXFileReference section */

/* Begin PBXFrameworksBuildPhase section */
		FA3590472C33B2AC00E417B1 /* Frameworks */ = {
			isa = PBXFrameworksBuildPhase;
			buildActionMask = 2147483647;
			files = (
				C97615825BE1DC581AC37CDE /* Pods_PupSnap.framework in Frameworks */,
			);
			runOnlyForDeploymentPostprocessing = 0;
		};
/* End PBXFrameworksBuildPhase section */

/* Begin PBXGroup section */
		141EF022FA14240D44AE90D3 /* Frameworks */ = {
			isa = PBXGroup;
			children = (
				FA80BCDF2C507FAC00CE7C50 /* CoreTelephony.framework */,
				FA80BCDD2C507FA400CE7C50 /* WebKit.framework */,
				FA80BCDB2C507F9F00CE7C50 /* CoreServices.framework */,
				FA80BCD92C507F9A00CE7C50 /* CoreSpotlight.framework */,
				FA80BCD72C507F9300CE7C50 /* StoreKit.framework */,
				BDF558EF0579FA9B93E0CD40 /* Pods_PupSnap.framework */,
			);
			name = Frameworks;
			sourceTree = "<group>";
		};
		CC794781CE31525F9625A00C /* Pods */ = {
			isa = PBXGroup;
			children = (
				E44E6795DF65B22051E32CF3 /* Pods-PupSnap.debug.xcconfig */,
				1D4E08169BCCF250D857905A /* Pods-PupSnap.release.xcconfig */,
			);
			path = Pods;
			sourceTree = "<group>";
		};
		FA3590412C33B2AC00E417B1 = {
			isa = PBXGroup;
			children = (
				FA35904C2C33B2AC00E417B1 /* PupSnap */,
				FA35904B2C33B2AC00E417B1 /* Products */,
				CC794781CE31525F9625A00C /* Pods */,
				141EF022FA14240D44AE90D3 /* Frameworks */,
			);
			sourceTree = "<group>";
		};
		FA35904B2C33B2AC00E417B1 /* Products */ = {
			isa = PBXGroup;
			children = (
				FA35904A2C33B2AC00E417B1 /* PupSnap.app */,
			);
			name = Products;
			sourceTree = "<group>";
		};
		FA35904C2C33B2AC00E417B1 /* PupSnap */ = {
			isa = PBXGroup;
			children = (
				FA80BCE12C509E8E00CE7C50 /* Fonts */,
				FAD07D942C49664900A3ECBF /* remote_config_defaults.plist */,
				FA3590842C350A7800E417B1 /* PupSnap.entitlements */,
				FA35907F2C34FA4200E417B1 /* Models */,
				FA35907E2C34FA3800E417B1 /* Utilities */,
				FA35907C2C34FA2300E417B1 /* Custom Views */,
				FA35907B2C34FA1700E417B1 /* Screens */,
				FA35904D2C33B2AC00E417B1 /* AppDelegate.swift */,
				FA35904F2C33B2AC00E417B1 /* SceneDelegate.swift */,
				FA3590562C33B2AD00E417B1 /* Assets.xcassets */,
				FA3590582C33B2AD00E417B1 /* LaunchScreen.storyboard */,
				FA35905B2C33B2AD00E417B1 /* Info.plist */,
				FAD07D6F2C46E42100A3ECBF /* GoogleService-Info.plist */,
			);
			path = PupSnap;
			sourceTree = "<group>";
		};
		FA35907B2C34FA1700E417B1 /* Screens */ = {
			isa = PBXGroup;
			children = (
				FA3590512C33B2AC00E417B1 /* PhotoVC.swift */,
				FA3590612C33B30000E417B1 /* FeedVC.swift */,
				FA3590852C35223300E417B1 /* FullScreenPhotoVC.swift */,
				FA63FFAC2C372D370070165E /* PhotoEditorVC.swift */,
				FAD07D3B2C45C9E300A3ECBF /* SettingsVC.swift */,
				FA80BCC92C4ADC9400CE7C50 /* NotificationPhotoVC.swift */,
			);
			path = "\U0010Screens";
			sourceTree = "<group>";
		};
		FA35907C2C34FA2300E417B1 /* Custom Views */ = {
			isa = PBXGroup;
			children = (
				FAD07D412C46097800A3ECBF /* ViewModels */,
				FA63FFAE2C373ECA0070165E /* SwiftUI */,
				FA35907D2C34FA2F00E417B1 /* Cells */,
				FA3590772C34E14B00E417B1 /* SpinnerVC.swift */,
				FA63FFB12C3745660070165E /* LineView.swift */,
				FA63FFBE2C37E2710070165E /* RatingViewController.swift */,
				FA63FF962C368B450070165E /* CrashlyticsCrashButton.swift */,
				FAD07D922C48C2EA00A3ECBF /* LoadingVC.swift */,
				FAD07D902C483AD900A3ECBF /* PasteModalVC.swift */,
			);
			path = "Custom Views";
			sourceTree = "<group>";
		};
		FA35907D2C34FA2F00E417B1 /* Cells */ = {
			isa = PBXGroup;
			children = (
				FA35906A2C34A46E00E417B1 /* SophiePhotoCell.swift */,
			);
			path = Cells;
			sourceTree = "<group>";
		};
		FA35907E2C34FA3800E417B1 /* Utilities */ = {
			isa = PBXGroup;
			children = (
				FAD07D972C4967DB00A3ECBF /* Helpers */,
				FAD07D962C4967D400A3ECBF /* Managers */,
				FA63FFB32C37518D0070165E /* Extensions */,
				FA63FFC62C390E9C0070165E /* AppCheckProviderFactory.swift */,
				FA63FFCA2C391DB80070165E /* PSError.swift */,
			);
			path = Utilities;
			sourceTree = "<group>";
		};
		FA35907F2C34FA4200E417B1 /* Models */ = {
			isa = PBXGroup;
			children = (
				FA63FFC82C3916B00070165E /* Photo.swift */,
				FAD07D6D2C465BC600A3ECBF /* Dog.swift */,
			);
			path = Models;
			sourceTree = "<group>";
		};
		FA63FFAE2C373ECA0070165E /* SwiftUI */ = {
			isa = PBXGroup;
			children = (
				FAAD42C22C63F585009082ED /* Settings */,
				FAAD42C12C63F571009082ED /* Onboarding */,
				FA63FFAF2C373ED40070165E /* SpeechBubbleView.swift */,
				FA80BCCF2C4B711000CE7C50 /* Toast.swift */,
			);
			path = SwiftUI;
			sourceTree = "<group>";
		};
		FA63FFB32C37518D0070165E /* Extensions */ = {
			isa = PBXGroup;
			children = (
				FA80BCFE2C50A4D000CE7C50 /* Font+Ext.swift */,
				FA63FFB42C37519F0070165E /* UIImageView+Ext.swift */,
				FAD07D752C46F9A200A3ECBF /* UIApplication+Ext.swift */,
				FA962ECC2C5AC07400F95205 /* UIColor+Ext.swift */,
				FA962ECE2C5ACC2200F95205 /* String+Ext.swift */,
			);
			path = Extensions;
			sourceTree = "<group>";
		};
		FA80BCE12C509E8E00CE7C50 /* Fonts */ = {
			isa = PBXGroup;
			children = (
				FA962EC52C5AAF8D00F95205 /* ReemKufi-Bold.ttf */,
				FA962EC42C5AAF8C00F95205 /* ReemKufi-Medium.ttf */,
				FA962EC62C5AAF8D00F95205 /* ReemKufi-Regular.ttf */,
				FA962EC72C5AAF8D00F95205 /* ReemKufi-SemiBold.ttf */,
				FA80BD002C50A82000CE7C50 /* Handlee-Regular.ttf */,
				FA80BCFA2C50A0F500CE7C50 /* ShadowsIntoLight-Regular.ttf */,
				FA80BCE22C509EA000CE7C50 /* Roboto-Black.ttf */,
				FA80BCE62C509EA000CE7C50 /* Roboto-BlackItalic.ttf */,
				FA80BCE42C509EA000CE7C50 /* Roboto-Bold.ttf */,
				FA80BCE82C509EA000CE7C50 /* Roboto-BoldItalic.ttf */,
				FA80BCE92C509EA000CE7C50 /* Roboto-Italic.ttf */,
				FA80BCE32C509EA000CE7C50 /* Roboto-Light.ttf */,
				FA80BCED2C509EA000CE7C50 /* Roboto-LightItalic.ttf */,
				FA80BCEB2C509EA000CE7C50 /* Roboto-Medium.ttf */,
				FA80BCEA2C509EA000CE7C50 /* Roboto-MediumItalic.ttf */,
				FA80BCEC2C509EA000CE7C50 /* Roboto-Regular.ttf */,
				FA80BCE52C509EA000CE7C50 /* Roboto-Thin.ttf */,
				FA80BCE72C509EA000CE7C50 /* Roboto-ThinItalic.ttf */,
			);
			path = "\U0010Fonts";
			sourceTree = "<group>";
		};
		FAAD42C12C63F571009082ED /* Onboarding */ = {
			isa = PBXGroup;
			children = (
				FA80BCD12C4F072E00CE7C50 /* OnboardingView.swift */,
				FA962ED02C5ACCBC00F95205 /* OnboardingDogView.swift */,
			);
			path = Onboarding;
			sourceTree = "<group>";
		};
		FAAD42C22C63F585009082ED /* Settings */ = {
			isa = PBXGroup;
			children = (
				FAD07D442C46571400A3ECBF /* DogView.swift */,
				FAD07D3D2C45CE9100A3ECBF /* PairingView.swift */,
				FAD07D392C45C9B900A3ECBF /* SettingsView.swift */,
			);
			path = Settings;
			sourceTree = "<group>";
		};
		FAD07D412C46097800A3ECBF /* ViewModels */ = {
			isa = PBXGroup;
			children = (
				FAD07D422C46098A00A3ECBF /* SettingsViewModel.swift */,
				FA80BCD32C4F335200CE7C50 /* OnboardingVM.swift */,
			);
			path = ViewModels;
			sourceTree = "<group>";
		};
		FAD07D962C4967D400A3ECBF /* Managers */ = {
			isa = PBXGroup;
			children = (
				FAD07D7E2C4781CE00A3ECBF /* LinkManager.swift */,
				FA63FFCC2C39231B0070165E /* PersistenceManager.swift */,
				FA3590712C34D65C00E417B1 /* NetworkManager.swift */,
				FAD07D732C46EA7D00A3ECBF /* RemoteConfigManager.swift */,
				FA80BCCB2C4AFA9300CE7C50 /* LaunchManager.swift */,
			);
			path = Managers;
			sourceTree = "<group>";
		};
		FAD07D972C4967DB00A3ECBF /* Helpers */ = {
			isa = PBXGroup;
			children = (
				FA3590752C34D95C00E417B1 /* StorageHelper.swift */,
				FA63FFC42C390CDF0070165E /* DatabaseHelper.swift */,
			);
			path = Helpers;
			sourceTree = "<group>";
		};
/* End PBXGroup section */

/* Begin PBXNativeTarget section */
		FA3590492C33B2AC00E417B1 /* PupSnap */ = {
			isa = PBXNativeTarget;
			buildConfigurationList = FA35905E2C33B2AD00E417B1 /* Build configuration list for PBXNativeTarget "PupSnap" */;
			buildPhases = (
				39A22AD1C14E88816FDD7DC5 /* [CP] Check Pods Manifest.lock */,
				FA3590462C33B2AC00E417B1 /* Sources */,
				FA3590472C33B2AC00E417B1 /* Frameworks */,
				FA3590482C33B2AC00E417B1 /* Resources */,
				FA63FF952C368AD30070165E /* ShellScript */,
				2A3941C3F8E2B76CFD534D65 /* [CP] Embed Pods Frameworks */,
			);
			buildRules = (
			);
			dependencies = (
			);
			name = PupSnap;
			productName = SophiePhotos;
			productReference = FA35904A2C33B2AC00E417B1 /* PupSnap.app */;
			productType = "com.apple.product-type.application";
		};
/* End PBXNativeTarget section */

/* Begin PBXProject section */
		FA3590422C33B2AC00E417B1 /* Project object */ = {
			isa = PBXProject;
			attributes = {
				BuildIndependentTargetsInParallel = 1;
				LastSwiftUpdateCheck = 1530;
				LastUpgradeCheck = 1530;
				TargetAttributes = {
					FA3590492C33B2AC00E417B1 = {
						CreatedOnToolsVersion = 15.3;
					};
				};
			};
			buildConfigurationList = FA3590452C33B2AC00E417B1 /* Build configuration list for PBXProject "PupSnap" */;
			compatibilityVersion = "Xcode 14.0";
			developmentRegion = en;
			hasScannedForEncodings = 0;
			knownRegions = (
				en,
				Base,
			);
			mainGroup = FA3590412C33B2AC00E417B1;
			productRefGroup = FA35904B2C33B2AC00E417B1 /* Products */;
			projectDirPath = "";
			projectRoot = "";
			targets = (
				FA3590492C33B2AC00E417B1 /* PupSnap */,
			);
		};
/* End PBXProject section */

/* Begin PBXResourcesBuildPhase section */
		FA3590482C33B2AC00E417B1 /* Resources */ = {
			isa = PBXResourcesBuildPhase;
			buildActionMask = 2147483647;
			files = (
				FA80BCF32C509EA000CE7C50 /* Roboto-ThinItalic.ttf in Resources */,
				FA80BCF52C509EA000CE7C50 /* Roboto-Italic.ttf in Resources */,
				FA962ECA2C5AAF8D00F95205 /* ReemKufi-Regular.ttf in Resources */,
				FA80BCF92C509EA000CE7C50 /* Roboto-LightItalic.ttf in Resources */,
				FA80BCF62C509EA000CE7C50 /* Roboto-MediumItalic.ttf in Resources */,
				FA80BCF42C509EA000CE7C50 /* Roboto-BoldItalic.ttf in Resources */,
				FA80BCF12C509EA000CE7C50 /* Roboto-Thin.ttf in Resources */,
				FA80BCF02C509EA000CE7C50 /* Roboto-Bold.ttf in Resources */,
				FA80BD012C50A82100CE7C50 /* Handlee-Regular.ttf in Resources */,
				FA3590572C33B2AD00E417B1 /* Assets.xcassets in Resources */,
				FAD07D702C46E42100A3ECBF /* GoogleService-Info.plist in Resources */,
				FA80BCF22C509EA000CE7C50 /* Roboto-BlackItalic.ttf in Resources */,
				FA80BCEF2C509EA000CE7C50 /* Roboto-Light.ttf in Resources */,
				FA962ECB2C5AAF8D00F95205 /* ReemKufi-SemiBold.ttf in Resources */,
				FA80BCF72C509EA000CE7C50 /* Roboto-Medium.ttf in Resources */,
				FA80BCFB2C50A0F500CE7C50 /* ShadowsIntoLight-Regular.ttf in Resources */,
				FA962EC82C5AAF8D00F95205 /* ReemKufi-Medium.ttf in Resources */,
				FA962EC92C5AAF8D00F95205 /* ReemKufi-Bold.ttf in Resources */,
				FA80BCEE2C509EA000CE7C50 /* Roboto-Black.ttf in Resources */,
				FA80BCF82C509EA000CE7C50 /* Roboto-Regular.ttf in Resources */,
				FAD07D952C49664900A3ECBF /* remote_config_defaults.plist in Resources */,
				FA35905A2C33B2AD00E417B1 /* Base in Resources */,
			);
			runOnlyForDeploymentPostprocessing = 0;
		};
/* End PBXResourcesBuildPhase section */

/* Begin PBXShellScriptBuildPhase section */
		2A3941C3F8E2B76CFD534D65 /* [CP] Embed Pods Frameworks */ = {
			isa = PBXShellScriptBuildPhase;
			buildActionMask = 2147483647;
			files = (
			);
			inputFileListPaths = (
				"${PODS_ROOT}/Target Support Files/Pods-PupSnap/Pods-PupSnap-frameworks-${CONFIGURATION}-input-files.xcfilelist",
			);
			name = "[CP] Embed Pods Frameworks";
			outputFileListPaths = (
				"${PODS_ROOT}/Target Support Files/Pods-PupSnap/Pods-PupSnap-frameworks-${CONFIGURATION}-output-files.xcfilelist",
			);
			runOnlyForDeploymentPostprocessing = 0;
			shellPath = /bin/sh;
			shellScript = "\"${PODS_ROOT}/Target Support Files/Pods-PupSnap/Pods-PupSnap-frameworks.sh\"\n";
			showEnvVarsInLog = 0;
		};
		39A22AD1C14E88816FDD7DC5 /* [CP] Check Pods Manifest.lock */ = {
			isa = PBXShellScriptBuildPhase;
			buildActionMask = 2147483647;
			files = (
			);
			inputFileListPaths = (
			);
			inputPaths = (
				"${PODS_PODFILE_DIR_PATH}/Podfile.lock",
				"${PODS_ROOT}/Manifest.lock",
			);
			name = "[CP] Check Pods Manifest.lock";
			outputFileListPaths = (
			);
			outputPaths = (
				"$(DERIVED_FILE_DIR)/Pods-PupSnap-checkManifestLockResult.txt",
			);
			runOnlyForDeploymentPostprocessing = 0;
			shellPath = /bin/sh;
			shellScript = "diff \"${PODS_PODFILE_DIR_PATH}/Podfile.lock\" \"${PODS_ROOT}/Manifest.lock\" > /dev/null\nif [ $? != 0 ] ; then\n    # print error to STDERR\n    echo \"error: The sandbox is not in sync with the Podfile.lock. Run 'pod install' or update your CocoaPods installation.\" >&2\n    exit 1\nfi\n# This output is used by Xcode 'outputs' to avoid re-running this script phase.\necho \"SUCCESS\" > \"${SCRIPT_OUTPUT_FILE_0}\"\n";
			showEnvVarsInLog = 0;
		};
		FA63FF952C368AD30070165E /* ShellScript */ = {
			isa = PBXShellScriptBuildPhase;
			alwaysOutOfDate = 1;
			buildActionMask = 12;
			files = (
			);
			inputFileListPaths = (
			);
			inputPaths = (
				"${DWARF_DSYM_FOLDER_PATH}/${DWARF_DSYM_FILE_NAME}",
				"${DWARF_DSYM_FOLDER_PATH}/${DWARF_DSYM_FILE_NAME}/Contents/Resources/DWARF/${PRODUCT_NAME}",
				"${DWARF_DSYM_FOLDER_PATH}/${DWARF_DSYM_FILE_NAME}/Contents/Info.plist",
				"$(TARGET_BUILD_DIR)/$(UNLOCALIZED_RESOURCES_FOLDER_PATH)/GoogleService-Info.plist",
				"$(TARGET_BUILD_DIR)/$(EXECUTABLE_PATH)",
			);
			outputFileListPaths = (
			);
			outputPaths = (
			);
			runOnlyForDeploymentPostprocessing = 0;
			shellPath = /bin/sh;
			shellScript = "# Type a script or drag a script file from your workspace to insert its path.\n\"${PODS_ROOT}/FirebaseCrashlytics/run\"\n";
		};
/* End PBXShellScriptBuildPhase section */

/* Begin PBXSourcesBuildPhase section */
		FA3590462C33B2AC00E417B1 /* Sources */ = {
			isa = PBXSourcesBuildPhase;
			buildActionMask = 2147483647;
			files = (
				FAD07D912C483AD900A3ECBF /* PasteModalVC.swift in Sources */,
				FA63FFC72C390E9C0070165E /* AppCheckProviderFactory.swift in Sources */,
				FAD07D742C46EA7D00A3ECBF /* RemoteConfigManager.swift in Sources */,
				FA962ECF2C5ACC2200F95205 /* String+Ext.swift in Sources */,
				FA80BCD42C4F335200CE7C50 /* OnboardingVM.swift in Sources */,
				FAD07D932C48C2EA00A3ECBF /* LoadingVC.swift in Sources */,
				FA3590762C34D95C00E417B1 /* StorageHelper.swift in Sources */,
				FA63FFAD2C372D370070165E /* PhotoEditorVC.swift in Sources */,
				FA3590722C34D65C00E417B1 /* NetworkManager.swift in Sources */,
				FA80BCCC2C4AFA9300CE7C50 /* LaunchManager.swift in Sources */,
				FA3590782C34E14B00E417B1 /* SpinnerVC.swift in Sources */,
				FA63FFC52C390CDF0070165E /* DatabaseHelper.swift in Sources */,
				FA63FFB22C3745660070165E /* LineView.swift in Sources */,
				FA63FFB02C373ED40070165E /* SpeechBubbleView.swift in Sources */,
				FA63FFB52C37519F0070165E /* UIImageView+Ext.swift in Sources */,
				FA80BCD22C4F072E00CE7C50 /* OnboardingView.swift in Sources */,
				FA3590622C33B30000E417B1 /* FeedVC.swift in Sources */,
				FA35906B2C34A46E00E417B1 /* SophiePhotoCell.swift in Sources */,
				FAD07D452C46571400A3ECBF /* DogView.swift in Sources */,
				FAD07D3C2C45C9E300A3ECBF /* SettingsVC.swift in Sources */,
				FA63FFCD2C39231B0070165E /* PersistenceManager.swift in Sources */,
				FA63FFCB2C391DB80070165E /* PSError.swift in Sources */,
				FA63FFBF2C37E2710070165E /* RatingViewController.swift in Sources */,
				FA63FFC92C3916B00070165E /* Photo.swift in Sources */,
				FA962ECD2C5AC07400F95205 /* UIColor+Ext.swift in Sources */,
				FA80BCFF2C50A4D000CE7C50 /* Font+Ext.swift in Sources */,
				FA962ED12C5ACCBC00F95205 /* OnboardingDogView.swift in Sources */,
				FA3590522C33B2AC00E417B1 /* PhotoVC.swift in Sources */,
				FA35904E2C33B2AC00E417B1 /* AppDelegate.swift in Sources */,
				FAD07D3E2C45CE9100A3ECBF /* PairingView.swift in Sources */,
				FAD07D7F2C4781CE00A3ECBF /* LinkManager.swift in Sources */,
				FA3590502C33B2AC00E417B1 /* SceneDelegate.swift in Sources */,
				FA80BCD02C4B711000CE7C50 /* Toast.swift in Sources */,
				FA3590862C35223300E417B1 /* FullScreenPhotoVC.swift in Sources */,
				FA63FF972C368B450070165E /* CrashlyticsCrashButton.swift in Sources */,
				FAD07D762C46F9A200A3ECBF /* UIApplication+Ext.swift in Sources */,
				FAD07D3A2C45C9B900A3ECBF /* SettingsView.swift in Sources */,
				FAD07D6E2C465BC600A3ECBF /* Dog.swift in Sources */,
				FA80BCCA2C4ADC9400CE7C50 /* NotificationPhotoVC.swift in Sources */,
				FAD07D432C46098A00A3ECBF /* SettingsViewModel.swift in Sources */,
			);
			runOnlyForDeploymentPostprocessing = 0;
		};
/* End PBXSourcesBuildPhase section */

/* Begin PBXVariantGroup section */
		FA3590582C33B2AD00E417B1 /* LaunchScreen.storyboard */ = {
			isa = PBXVariantGroup;
			children = (
				FA3590592C33B2AD00E417B1 /* Base */,
			);
			name = LaunchScreen.storyboard;
			sourceTree = "<group>";
		};
/* End PBXVariantGroup section */

/* Begin XCBuildConfiguration section */
		FA35905C2C33B2AD00E417B1 /* Debug */ = {
			isa = XCBuildConfiguration;
			buildSettings = {
				ALWAYS_SEARCH_USER_PATHS = NO;
				ASSETCATALOG_COMPILER_GENERATE_SWIFT_ASSET_SYMBOL_EXTENSIONS = YES;
				CLANG_ANALYZER_NONNULL = YES;
				CLANG_ANALYZER_NUMBER_OBJECT_CONVERSION = YES_AGGRESSIVE;
				CLANG_CXX_LANGUAGE_STANDARD = "gnu++20";
				CLANG_ENABLE_MODULES = YES;
				CLANG_ENABLE_OBJC_ARC = YES;
				CLANG_ENABLE_OBJC_WEAK = YES;
				CLANG_WARN_BLOCK_CAPTURE_AUTORELEASING = YES;
				CLANG_WARN_BOOL_CONVERSION = YES;
				CLANG_WARN_COMMA = YES;
				CLANG_WARN_CONSTANT_CONVERSION = YES;
				CLANG_WARN_DEPRECATED_OBJC_IMPLEMENTATIONS = YES;
				CLANG_WARN_DIRECT_OBJC_ISA_USAGE = YES_ERROR;
				CLANG_WARN_DOCUMENTATION_COMMENTS = YES;
				CLANG_WARN_EMPTY_BODY = YES;
				CLANG_WARN_ENUM_CONVERSION = YES;
				CLANG_WARN_INFINITE_RECURSION = YES;
				CLANG_WARN_INT_CONVERSION = YES;
				CLANG_WARN_NON_LITERAL_NULL_CONVERSION = YES;
				CLANG_WARN_OBJC_IMPLICIT_RETAIN_SELF = YES;
				CLANG_WARN_OBJC_LITERAL_CONVERSION = YES;
				CLANG_WARN_OBJC_ROOT_CLASS = YES_ERROR;
				CLANG_WARN_QUOTED_INCLUDE_IN_FRAMEWORK_HEADER = YES;
				CLANG_WARN_RANGE_LOOP_ANALYSIS = YES;
				CLANG_WARN_STRICT_PROTOTYPES = YES;
				CLANG_WARN_SUSPICIOUS_MOVE = YES;
				CLANG_WARN_UNGUARDED_AVAILABILITY = YES_AGGRESSIVE;
				CLANG_WARN_UNREACHABLE_CODE = YES;
				CLANG_WARN__DUPLICATE_METHOD_MATCH = YES;
				COPY_PHASE_STRIP = NO;
				DEBUG_INFORMATION_FORMAT = dwarf;
				ENABLE_STRICT_OBJC_MSGSEND = YES;
				ENABLE_TESTABILITY = YES;
				ENABLE_USER_SCRIPT_SANDBOXING = NO;
				GCC_C_LANGUAGE_STANDARD = gnu17;
				GCC_DYNAMIC_NO_PIC = NO;
				GCC_NO_COMMON_BLOCKS = YES;
				GCC_OPTIMIZATION_LEVEL = 0;
				GCC_PREPROCESSOR_DEFINITIONS = (
					"DEBUG=1",
					"$(inherited)",
				);
				GCC_WARN_64_TO_32_BIT_CONVERSION = YES;
				GCC_WARN_ABOUT_RETURN_TYPE = YES_ERROR;
				GCC_WARN_UNDECLARED_SELECTOR = YES;
				GCC_WARN_UNINITIALIZED_AUTOS = YES_AGGRESSIVE;
				GCC_WARN_UNUSED_FUNCTION = YES;
				GCC_WARN_UNUSED_VARIABLE = YES;
				IPHONEOS_DEPLOYMENT_TARGET = 16.0;
				LOCALIZATION_PREFERS_STRING_CATALOGS = YES;
				MTL_ENABLE_DEBUG_INFO = INCLUDE_SOURCE;
				MTL_FAST_MATH = YES;
				ONLY_ACTIVE_ARCH = YES;
				SDKROOT = iphoneos;
				SWIFT_ACTIVE_COMPILATION_CONDITIONS = "DEBUG $(inherited)";
				SWIFT_OPTIMIZATION_LEVEL = "-Onone";
			};
			name = Debug;
		};
		FA35905D2C33B2AD00E417B1 /* Release */ = {
			isa = XCBuildConfiguration;
			buildSettings = {
				ALWAYS_SEARCH_USER_PATHS = NO;
				ASSETCATALOG_COMPILER_GENERATE_SWIFT_ASSET_SYMBOL_EXTENSIONS = YES;
				CLANG_ANALYZER_NONNULL = YES;
				CLANG_ANALYZER_NUMBER_OBJECT_CONVERSION = YES_AGGRESSIVE;
				CLANG_CXX_LANGUAGE_STANDARD = "gnu++20";
				CLANG_ENABLE_MODULES = YES;
				CLANG_ENABLE_OBJC_ARC = YES;
				CLANG_ENABLE_OBJC_WEAK = YES;
				CLANG_WARN_BLOCK_CAPTURE_AUTORELEASING = YES;
				CLANG_WARN_BOOL_CONVERSION = YES;
				CLANG_WARN_COMMA = YES;
				CLANG_WARN_CONSTANT_CONVERSION = YES;
				CLANG_WARN_DEPRECATED_OBJC_IMPLEMENTATIONS = YES;
				CLANG_WARN_DIRECT_OBJC_ISA_USAGE = YES_ERROR;
				CLANG_WARN_DOCUMENTATION_COMMENTS = YES;
				CLANG_WARN_EMPTY_BODY = YES;
				CLANG_WARN_ENUM_CONVERSION = YES;
				CLANG_WARN_INFINITE_RECURSION = YES;
				CLANG_WARN_INT_CONVERSION = YES;
				CLANG_WARN_NON_LITERAL_NULL_CONVERSION = YES;
				CLANG_WARN_OBJC_IMPLICIT_RETAIN_SELF = YES;
				CLANG_WARN_OBJC_LITERAL_CONVERSION = YES;
				CLANG_WARN_OBJC_ROOT_CLASS = YES_ERROR;
				CLANG_WARN_QUOTED_INCLUDE_IN_FRAMEWORK_HEADER = YES;
				CLANG_WARN_RANGE_LOOP_ANALYSIS = YES;
				CLANG_WARN_STRICT_PROTOTYPES = YES;
				CLANG_WARN_SUSPICIOUS_MOVE = YES;
				CLANG_WARN_UNGUARDED_AVAILABILITY = YES_AGGRESSIVE;
				CLANG_WARN_UNREACHABLE_CODE = YES;
				CLANG_WARN__DUPLICATE_METHOD_MATCH = YES;
				COPY_PHASE_STRIP = NO;
				DEBUG_INFORMATION_FORMAT = "dwarf-with-dsym";
				ENABLE_NS_ASSERTIONS = NO;
				ENABLE_STRICT_OBJC_MSGSEND = YES;
				ENABLE_USER_SCRIPT_SANDBOXING = NO;
				GCC_C_LANGUAGE_STANDARD = gnu17;
				GCC_NO_COMMON_BLOCKS = YES;
				GCC_WARN_64_TO_32_BIT_CONVERSION = YES;
				GCC_WARN_ABOUT_RETURN_TYPE = YES_ERROR;
				GCC_WARN_UNDECLARED_SELECTOR = YES;
				GCC_WARN_UNINITIALIZED_AUTOS = YES_AGGRESSIVE;
				GCC_WARN_UNUSED_FUNCTION = YES;
				GCC_WARN_UNUSED_VARIABLE = YES;
				IPHONEOS_DEPLOYMENT_TARGET = 16.0;
				LOCALIZATION_PREFERS_STRING_CATALOGS = YES;
				MTL_ENABLE_DEBUG_INFO = NO;
				MTL_FAST_MATH = YES;
				SDKROOT = iphoneos;
				SWIFT_COMPILATION_MODE = wholemodule;
				VALIDATE_PRODUCT = YES;
			};
			name = Release;
		};
		FA35905F2C33B2AD00E417B1 /* Debug */ = {
			isa = XCBuildConfiguration;
			baseConfigurationReference = E44E6795DF65B22051E32CF3 /* Pods-PupSnap.debug.xcconfig */;
			buildSettings = {
				ASSETCATALOG_COMPILER_APPICON_NAME = AppIcon;
				ASSETCATALOG_COMPILER_GLOBAL_ACCENT_COLOR_NAME = AccentColor;
				ASSETCATALOG_COMPILER_INCLUDE_ALL_APPICON_ASSETS = NO;
				CODE_SIGN_ENTITLEMENTS = PupSnap/PupSnap.entitlements;
				CODE_SIGN_IDENTITY = "Apple Development";
				CODE_SIGN_STYLE = Automatic;
				CURRENT_PROJECT_VERSION = 1;
				DEBUG_INFORMATION_FORMAT = "dwarf-with-dsym";
				DEVELOPMENT_TEAM = 6P3ZM853J8;
				GENERATE_INFOPLIST_FILE = YES;
				INFOPLIST_FILE = PupSnap/Info.plist;
				INFOPLIST_KEY_NSCameraUsageDescription = "Please allow access to camera to use this app";
				INFOPLIST_KEY_UIApplicationSupportsIndirectInputEvents = YES;
				INFOPLIST_KEY_UILaunchStoryboardName = LaunchScreen;
				INFOPLIST_KEY_UISupportedInterfaceOrientations = "UIInterfaceOrientationPortrait UIInterfaceOrientationPortraitUpsideDown";
				INFOPLIST_KEY_UISupportedInterfaceOrientations_iPad = "UIInterfaceOrientationLandscapeLeft UIInterfaceOrientationLandscapeRight UIInterfaceOrientationPortrait UIInterfaceOrientationPortraitUpsideDown";
				IPHONEOS_DEPLOYMENT_TARGET = 16.0;
				LD_RUNPATH_SEARCH_PATHS = (
					"$(inherited)",
					"@executable_path/Frameworks",
				);
				MARKETING_VERSION = 1.1;
				OTHER_LDFLAGS = (
					"$(inherited)",
					"-ObjC",
				);
				PRODUCT_BUNDLE_IDENTIFIER = com.HEJ.PupSnap;
				PRODUCT_NAME = "$(TARGET_NAME)";
				PROVISIONING_PROFILE_SPECIFIER = "";
				SUPPORTED_PLATFORMS = "iphoneos iphonesimulator";
				SUPPORTS_MACCATALYST = NO;
				SUPPORTS_MAC_DESIGNED_FOR_IPHONE_IPAD = NO;
				SUPPORTS_XR_DESIGNED_FOR_IPHONE_IPAD = NO;
				SWIFT_EMIT_LOC_STRINGS = YES;
				SWIFT_VERSION = 5.0;
				TARGETED_DEVICE_FAMILY = "1,2";
			};
			name = Debug;
		};
		FA3590602C33B2AD00E417B1 /* Release */ = {
			isa = XCBuildConfiguration;
			baseConfigurationReference = 1D4E08169BCCF250D857905A /* Pods-PupSnap.release.xcconfig */;
			buildSettings = {
				ASSETCATALOG_COMPILER_APPICON_NAME = AppIcon;
				ASSETCATALOG_COMPILER_GLOBAL_ACCENT_COLOR_NAME = AccentColor;
				ASSETCATALOG_COMPILER_INCLUDE_ALL_APPICON_ASSETS = NO;
				CODE_SIGN_ENTITLEMENTS = PupSnap/PupSnap.entitlements;
				CODE_SIGN_IDENTITY = "Apple Development";
				CODE_SIGN_STYLE = Automatic;
				CURRENT_PROJECT_VERSION = 1;
				DEVELOPMENT_TEAM = 6P3ZM853J8;
				GENERATE_INFOPLIST_FILE = YES;
				INFOPLIST_FILE = PupSnap/Info.plist;
				INFOPLIST_KEY_NSCameraUsageDescription = "Please allow access to camera to use this app";
				INFOPLIST_KEY_UIApplicationSupportsIndirectInputEvents = YES;
				INFOPLIST_KEY_UILaunchStoryboardName = LaunchScreen;
				INFOPLIST_KEY_UISupportedInterfaceOrientations = "UIInterfaceOrientationPortrait UIInterfaceOrientationPortraitUpsideDown";
				INFOPLIST_KEY_UISupportedInterfaceOrientations_iPad = "UIInterfaceOrientationLandscapeLeft UIInterfaceOrientationLandscapeRight UIInterfaceOrientationPortrait UIInterfaceOrientationPortraitUpsideDown";
				IPHONEOS_DEPLOYMENT_TARGET = 16.0;
				LD_RUNPATH_SEARCH_PATHS = (
					"$(inherited)",
					"@executable_path/Frameworks",
				);
				MARKETING_VERSION = 1.1;
				OTHER_LDFLAGS = (
					"$(inherited)",
					"-ObjC",
				);
				PRODUCT_BUNDLE_IDENTIFIER = com.HEJ.PupSnap;
				PRODUCT_NAME = "$(TARGET_NAME)";
				PROVISIONING_PROFILE_SPECIFIER = "";
				SUPPORTED_PLATFORMS = "iphoneos iphonesimulator";
				SUPPORTS_MACCATALYST = NO;
				SUPPORTS_MAC_DESIGNED_FOR_IPHONE_IPAD = NO;
				SUPPORTS_XR_DESIGNED_FOR_IPHONE_IPAD = NO;
				SWIFT_EMIT_LOC_STRINGS = YES;
				SWIFT_VERSION = 5.0;
				TARGETED_DEVICE_FAMILY = "1,2";
			};
			name = Release;
		};
/* End XCBuildConfiguration section */

/* Begin XCConfigurationList section */
		FA3590452C33B2AC00E417B1 /* Build configuration list for PBXProject "PupSnap" */ = {
			isa = XCConfigurationList;
			buildConfigurations = (
				FA35905C2C33B2AD00E417B1 /* Debug */,
				FA35905D2C33B2AD00E417B1 /* Release */,
			);
			defaultConfigurationIsVisible = 0;
			defaultConfigurationName = Release;
		};
		FA35905E2C33B2AD00E417B1 /* Build configuration list for PBXNativeTarget "PupSnap" */ = {
			isa = XCConfigurationList;
			buildConfigurations = (
				FA35905F2C33B2AD00E417B1 /* Debug */,
				FA3590602C33B2AD00E417B1 /* Release */,
			);
			defaultConfigurationIsVisible = 0;
			defaultConfigurationName = Release;
		};
/* End XCConfigurationList section */
	};
	rootObject = FA3590422C33B2AC00E417B1 /* Project object */;
}
