// !$*UTF8*$!
{
	archiveVersion = 1;
	classes = {
	};
	objectVersion = 56;
	objects = {

/* Begin PBXBuildFile section */
		FA35904E2C33B2AC00E417B1 /* AppDelegate.swift in Sources */ = {isa = PBXBuildFile; fileRef = FA35904D2C33B2AC00E417B1 /* AppDelegate.swift */; };
		FA3590502C33B2AC00E417B1 /* SceneDelegate.swift in Sources */ = {isa = PBXBuildFile; fileRef = FA35904F2C33B2AC00E417B1 /* SceneDelegate.swift */; };
		FA3590522C33B2AC00E417B1 /* PhotoVC.swift in Sources */ = {isa = PBXBuildFile; fileRef = FA3590512C33B2AC00E417B1 /* PhotoVC.swift */; };
		FA3590572C33B2AD00E417B1 /* Assets.xcassets in Resources */ = {isa = PBXBuildFile; fileRef = FA3590562C33B2AD00E417B1 /* Assets.xcassets */; };
		FA35905A2C33B2AD00E417B1 /* Base in Resources */ = {isa = PBXBuildFile; fileRef = FA3590592C33B2AD00E417B1 /* Base */; };
		FA3590622C33B30000E417B1 /* FeedVC.swift in Sources */ = {isa = PBXBuildFile; fileRef = FA3590612C33B30000E417B1 /* FeedVC.swift */; };
		FA35906B2C34A46E00E417B1 /* SophiePhotoCell.swift in Sources */ = {isa = PBXBuildFile; fileRef = FA35906A2C34A46E00E417B1 /* SophiePhotoCell.swift */; };
		FA35906D2C34D3BE00E417B1 /* GoogleService-Info.plist in Resources */ = {isa = PBXBuildFile; fileRef = FA35906C2C34D3BE00E417B1 /* GoogleService-Info.plist */; };
		FA3590702C34D44800E417B1 /* FirebaseStorage in Frameworks */ = {isa = PBXBuildFile; productRef = FA35906F2C34D44800E417B1 /* FirebaseStorage */; };
		FA3590722C34D65C00E417B1 /* NetworkManager.swift in Sources */ = {isa = PBXBuildFile; fileRef = FA3590712C34D65C00E417B1 /* NetworkManager.swift */; };
		FA3590762C34D95C00E417B1 /* FirebaseHelper.swift in Sources */ = {isa = PBXBuildFile; fileRef = FA3590752C34D95C00E417B1 /* FirebaseHelper.swift */; };
		FA3590782C34E14B00E417B1 /* SpinnerVC.swift in Sources */ = {isa = PBXBuildFile; fileRef = FA3590772C34E14B00E417B1 /* SpinnerVC.swift */; };
/* End PBXBuildFile section */

/* Begin PBXFileReference section */
		FA35904A2C33B2AC00E417B1 /* SophiePhotos.app */ = {isa = PBXFileReference; explicitFileType = wrapper.application; includeInIndex = 0; path = SophiePhotos.app; sourceTree = BUILT_PRODUCTS_DIR; };
		FA35904D2C33B2AC00E417B1 /* AppDelegate.swift */ = {isa = PBXFileReference; lastKnownFileType = sourcecode.swift; path = AppDelegate.swift; sourceTree = "<group>"; };
		FA35904F2C33B2AC00E417B1 /* SceneDelegate.swift */ = {isa = PBXFileReference; lastKnownFileType = sourcecode.swift; path = SceneDelegate.swift; sourceTree = "<group>"; };
		FA3590512C33B2AC00E417B1 /* PhotoVC.swift */ = {isa = PBXFileReference; lastKnownFileType = sourcecode.swift; path = PhotoVC.swift; sourceTree = "<group>"; };
		FA3590562C33B2AD00E417B1 /* Assets.xcassets */ = {isa = PBXFileReference; lastKnownFileType = folder.assetcatalog; path = Assets.xcassets; sourceTree = "<group>"; };
		FA3590592C33B2AD00E417B1 /* Base */ = {isa = PBXFileReference; lastKnownFileType = file.storyboard; name = Base; path = Base.lproj/LaunchScreen.storyboard; sourceTree = "<group>"; };
		FA35905B2C33B2AD00E417B1 /* Info.plist */ = {isa = PBXFileReference; lastKnownFileType = text.plist.xml; path = Info.plist; sourceTree = "<group>"; };
		FA3590612C33B30000E417B1 /* FeedVC.swift */ = {isa = PBXFileReference; lastKnownFileType = sourcecode.swift; path = FeedVC.swift; sourceTree = "<group>"; };
		FA35906A2C34A46E00E417B1 /* SophiePhotoCell.swift */ = {isa = PBXFileReference; lastKnownFileType = sourcecode.swift; path = SophiePhotoCell.swift; sourceTree = "<group>"; };
		FA35906C2C34D3BE00E417B1 /* GoogleService-Info.plist */ = {isa = PBXFileReference; fileEncoding = 4; lastKnownFileType = text.plist.xml; path = "GoogleService-Info.plist"; sourceTree = "<group>"; };
		FA3590712C34D65C00E417B1 /* NetworkManager.swift */ = {isa = PBXFileReference; lastKnownFileType = sourcecode.swift; path = NetworkManager.swift; sourceTree = "<group>"; };
		FA3590752C34D95C00E417B1 /* FirebaseHelper.swift */ = {isa = PBXFileReference; lastKnownFileType = sourcecode.swift; path = FirebaseHelper.swift; sourceTree = "<group>"; };
		FA3590772C34E14B00E417B1 /* SpinnerVC.swift */ = {isa = PBXFileReference; lastKnownFileType = sourcecode.swift; path = SpinnerVC.swift; sourceTree = "<group>"; };
/* End PBXFileReference section */

/* Begin PBXFrameworksBuildPhase section */
		FA3590472C33B2AC00E417B1 /* Frameworks */ = {
			isa = PBXFrameworksBuildPhase;
			buildActionMask = 2147483647;
			files = (
				FA3590702C34D44800E417B1 /* FirebaseStorage in Frameworks */,
			);
			runOnlyForDeploymentPostprocessing = 0;
		};
/* End PBXFrameworksBuildPhase section */

/* Begin PBXGroup section */
		FA3590412C33B2AC00E417B1 = {
			isa = PBXGroup;
			children = (
				FA35904C2C33B2AC00E417B1 /* SophiePhotos */,
				FA35904B2C33B2AC00E417B1 /* Products */,
			);
			sourceTree = "<group>";
		};
		FA35904B2C33B2AC00E417B1 /* Products */ = {
			isa = PBXGroup;
			children = (
				FA35904A2C33B2AC00E417B1 /* SophiePhotos.app */,
			);
			name = Products;
			sourceTree = "<group>";
		};
		FA35904C2C33B2AC00E417B1 /* SophiePhotos */ = {
			isa = PBXGroup;
			children = (
				FA35907F2C34FA4200E417B1 /* Models */,
				FA35907E2C34FA3800E417B1 /* Utilities */,
				FA35907C2C34FA2300E417B1 /* Custom Views */,
				FA35907B2C34FA1700E417B1 /* Screens */,
				FA35904D2C33B2AC00E417B1 /* AppDelegate.swift */,
				FA35904F2C33B2AC00E417B1 /* SceneDelegate.swift */,
				FA3590562C33B2AD00E417B1 /* Assets.xcassets */,
				FA3590582C33B2AD00E417B1 /* LaunchScreen.storyboard */,
				FA35905B2C33B2AD00E417B1 /* Info.plist */,
				FA35906C2C34D3BE00E417B1 /* GoogleService-Info.plist */,
			);
			path = SophiePhotos;
			sourceTree = "<group>";
		};
		FA35907B2C34FA1700E417B1 /* Screens */ = {
			isa = PBXGroup;
			children = (
				FA3590512C33B2AC00E417B1 /* PhotoVC.swift */,
				FA3590612C33B30000E417B1 /* FeedVC.swift */,
			);
			path = "\U0010Screens";
			sourceTree = "<group>";
		};
		FA35907C2C34FA2300E417B1 /* Custom Views */ = {
			isa = PBXGroup;
			children = (
				FA35907D2C34FA2F00E417B1 /* Cells */,
				FA3590772C34E14B00E417B1 /* SpinnerVC.swift */,
			);
			path = "Custom Views";
			sourceTree = "<group>";
		};
		FA35907D2C34FA2F00E417B1 /* Cells */ = {
			isa = PBXGroup;
			children = (
				FA35906A2C34A46E00E417B1 /* SophiePhotoCell.swift */,
			);
			path = Cells;
			sourceTree = "<group>";
		};
		FA35907E2C34FA3800E417B1 /* Utilities */ = {
			isa = PBXGroup;
			children = (
				FA3590752C34D95C00E417B1 /* FirebaseHelper.swift */,
				FA3590712C34D65C00E417B1 /* NetworkManager.swift */,
			);
			path = Utilities;
			sourceTree = "<group>";
		};
		FA35907F2C34FA4200E417B1 /* Models */ = {
			isa = PBXGroup;
			children = (
			);
			path = Models;
			sourceTree = "<group>";
		};
/* End PBXGroup section */

/* Begin PBXNativeTarget section */
		FA3590492C33B2AC00E417B1 /* SophiePhotos */ = {
			isa = PBXNativeTarget;
			buildConfigurationList = FA35905E2C33B2AD00E417B1 /* Build configuration list for PBXNativeTarget "SophiePhotos" */;
			buildPhases = (
				FA3590462C33B2AC00E417B1 /* Sources */,
				FA3590472C33B2AC00E417B1 /* Frameworks */,
				FA3590482C33B2AC00E417B1 /* Resources */,
			);
			buildRules = (
			);
			dependencies = (
			);
			name = SophiePhotos;
			packageProductDependencies = (
				FA35906F2C34D44800E417B1 /* FirebaseStorage */,
			);
			productName = SophiePhotos;
			productReference = FA35904A2C33B2AC00E417B1 /* SophiePhotos.app */;
			productType = "com.apple.product-type.application";
		};
/* End PBXNativeTarget section */

/* Begin PBXProject section */
		FA3590422C33B2AC00E417B1 /* Project object */ = {
			isa = PBXProject;
			attributes = {
				BuildIndependentTargetsInParallel = 1;
				LastSwiftUpdateCheck = 1530;
				LastUpgradeCheck = 1530;
				TargetAttributes = {
					FA3590492C33B2AC00E417B1 = {
						CreatedOnToolsVersion = 15.3;
					};
				};
			};
			buildConfigurationList = FA3590452C33B2AC00E417B1 /* Build configuration list for PBXProject "SophiePhotos" */;
			compatibilityVersion = "Xcode 14.0";
			developmentRegion = en;
			hasScannedForEncodings = 0;
			knownRegions = (
				en,
				Base,
			);
			mainGroup = FA3590412C33B2AC00E417B1;
			packageReferences = (
				FA35906E2C34D44800E417B1 /* XCRemoteSwiftPackageReference "firebase-ios-sdk" */,
			);
			productRefGroup = FA35904B2C33B2AC00E417B1 /* Products */;
			projectDirPath = "";
			projectRoot = "";
			targets = (
				FA3590492C33B2AC00E417B1 /* SophiePhotos */,
			);
		};
/* End PBXProject section */

/* Begin PBXResourcesBuildPhase section */
		FA3590482C33B2AC00E417B1 /* Resources */ = {
			isa = PBXResourcesBuildPhase;
			buildActionMask = 2147483647;
			files = (
				FA3590572C33B2AD00E417B1 /* Assets.xcassets in Resources */,
				FA35906D2C34D3BE00E417B1 /* GoogleService-Info.plist in Resources */,
				FA35905A2C33B2AD00E417B1 /* Base in Resources */,
			);
			runOnlyForDeploymentPostprocessing = 0;
		};
/* End PBXResourcesBuildPhase section */

/* Begin PBXSourcesBuildPhase section */
		FA3590462C33B2AC00E417B1 /* Sources */ = {
			isa = PBXSourcesBuildPhase;
			buildActionMask = 2147483647;
			files = (
				FA3590762C34D95C00E417B1 /* FirebaseHelper.swift in Sources */,
				FA3590722C34D65C00E417B1 /* NetworkManager.swift in Sources */,
				FA3590782C34E14B00E417B1 /* SpinnerVC.swift in Sources */,
				FA3590622C33B30000E417B1 /* FeedVC.swift in Sources */,
				FA35906B2C34A46E00E417B1 /* SophiePhotoCell.swift in Sources */,
				FA3590522C33B2AC00E417B1 /* PhotoVC.swift in Sources */,
				FA35904E2C33B2AC00E417B1 /* AppDelegate.swift in Sources */,
				FA3590502C33B2AC00E417B1 /* SceneDelegate.swift in Sources */,
			);
			runOnlyForDeploymentPostprocessing = 0;
		};
/* End PBXSourcesBuildPhase section */

/* Begin PBXVariantGroup section */
		FA3590582C33B2AD00E417B1 /* LaunchScreen.storyboard */ = {
			isa = PBXVariantGroup;
			children = (
				FA3590592C33B2AD00E417B1 /* Base */,
			);
			name = LaunchScreen.storyboard;
			sourceTree = "<group>";
		};
/* End PBXVariantGroup section */

/* Begin XCBuildConfiguration section */
		FA35905C2C33B2AD00E417B1 /* Debug */ = {
			isa = XCBuildConfiguration;
			buildSettings = {
				ALWAYS_SEARCH_USER_PATHS = NO;
				ASSETCATALOG_COMPILER_GENERATE_SWIFT_ASSET_SYMBOL_EXTENSIONS = YES;
				CLANG_ANALYZER_NONNULL = YES;
				CLANG_ANALYZER_NUMBER_OBJECT_CONVERSION = YES_AGGRESSIVE;
				CLANG_CXX_LANGUAGE_STANDARD = "gnu++20";
				CLANG_ENABLE_MODULES = YES;
				CLANG_ENABLE_OBJC_ARC = YES;
				CLANG_ENABLE_OBJC_WEAK = YES;
				CLANG_WARN_BLOCK_CAPTURE_AUTORELEASING = YES;
				CLANG_WARN_BOOL_CONVERSION = YES;
				CLANG_WARN_COMMA = YES;
				CLANG_WARN_CONSTANT_CONVERSION = YES;
				CLANG_WARN_DEPRECATED_OBJC_IMPLEMENTATIONS = YES;
				CLANG_WARN_DIRECT_OBJC_ISA_USAGE = YES_ERROR;
				CLANG_WARN_DOCUMENTATION_COMMENTS = YES;
				CLANG_WARN_EMPTY_BODY = YES;
				CLANG_WARN_ENUM_CONVERSION = YES;
				CLANG_WARN_INFINITE_RECURSION = YES;
				CLANG_WARN_INT_CONVERSION = YES;
				CLANG_WARN_NON_LITERAL_NULL_CONVERSION = YES;
				CLANG_WARN_OBJC_IMPLICIT_RETAIN_SELF = YES;
				CLANG_WARN_OBJC_LITERAL_CONVERSION = YES;
				CLANG_WARN_OBJC_ROOT_CLASS = YES_ERROR;
				CLANG_WARN_QUOTED_INCLUDE_IN_FRAMEWORK_HEADER = YES;
				CLANG_WARN_RANGE_LOOP_ANALYSIS = YES;
				CLANG_WARN_STRICT_PROTOTYPES = YES;
				CLANG_WARN_SUSPICIOUS_MOVE = YES;
				CLANG_WARN_UNGUARDED_AVAILABILITY = YES_AGGRESSIVE;
				CLANG_WARN_UNREACHABLE_CODE = YES;
				CLANG_WARN__DUPLICATE_METHOD_MATCH = YES;
				COPY_PHASE_STRIP = NO;
				DEBUG_INFORMATION_FORMAT = dwarf;
				ENABLE_STRICT_OBJC_MSGSEND = YES;
				ENABLE_TESTABILITY = YES;
				ENABLE_USER_SCRIPT_SANDBOXING = YES;
				GCC_C_LANGUAGE_STANDARD = gnu17;
				GCC_DYNAMIC_NO_PIC = NO;
				GCC_NO_COMMON_BLOCKS = YES;
				GCC_OPTIMIZATION_LEVEL = 0;
				GCC_PREPROCESSOR_DEFINITIONS = (
					"DEBUG=1",
					"$(inherited)",
				);
				GCC_WARN_64_TO_32_BIT_CONVERSION = YES;
				GCC_WARN_ABOUT_RETURN_TYPE = YES_ERROR;
				GCC_WARN_UNDECLARED_SELECTOR = YES;
				GCC_WARN_UNINITIALIZED_AUTOS = YES_AGGRESSIVE;
				GCC_WARN_UNUSED_FUNCTION = YES;
				GCC_WARN_UNUSED_VARIABLE = YES;
				IPHONEOS_DEPLOYMENT_TARGET = 16.0;
				LOCALIZATION_PREFERS_STRING_CATALOGS = YES;
				MTL_ENABLE_DEBUG_INFO = INCLUDE_SOURCE;
				MTL_FAST_MATH = YES;
				ONLY_ACTIVE_ARCH = YES;
				SDKROOT = iphoneos;
				SWIFT_ACTIVE_COMPILATION_CONDITIONS = "DEBUG $(inherited)";
				SWIFT_OPTIMIZATION_LEVEL = "-Onone";
			};
			name = Debug;
		};
		FA35905D2C33B2AD00E417B1 /* Release */ = {
			isa = XCBuildConfiguration;
			buildSettings = {
				ALWAYS_SEARCH_USER_PATHS = NO;
				ASSETCATALOG_COMPILER_GENERATE_SWIFT_ASSET_SYMBOL_EXTENSIONS = YES;
				CLANG_ANALYZER_NONNULL = YES;
				CLANG_ANALYZER_NUMBER_OBJECT_CONVERSION = YES_AGGRESSIVE;
				CLANG_CXX_LANGUAGE_STANDARD = "gnu++20";
				CLANG_ENABLE_MODULES = YES;
				CLANG_ENABLE_OBJC_ARC = YES;
				CLANG_ENABLE_OBJC_WEAK = YES;
				CLANG_WARN_BLOCK_CAPTURE_AUTORELEASING = YES;
				CLANG_WARN_BOOL_CONVERSION = YES;
				CLANG_WARN_COMMA = YES;
				CLANG_WARN_CONSTANT_CONVERSION = YES;
				CLANG_WARN_DEPRECATED_OBJC_IMPLEMENTATIONS = YES;
				CLANG_WARN_DIRECT_OBJC_ISA_USAGE = YES_ERROR;
				CLANG_WARN_DOCUMENTATION_COMMENTS = YES;
				CLANG_WARN_EMPTY_BODY = YES;
				CLANG_WARN_ENUM_CONVERSION = YES;
				CLANG_WARN_INFINITE_RECURSION = YES;
				CLANG_WARN_INT_CONVERSION = YES;
				CLANG_WARN_NON_LITERAL_NULL_CONVERSION = YES;
				CLANG_WARN_OBJC_IMPLICIT_RETAIN_SELF = YES;
				CLANG_WARN_OBJC_LITERAL_CONVERSION = YES;
				CLANG_WARN_OBJC_ROOT_CLASS = YES_ERROR;
				CLANG_WARN_QUOTED_INCLUDE_IN_FRAMEWORK_HEADER = YES;
				CLANG_WARN_RANGE_LOOP_ANALYSIS = YES;
				CLANG_WARN_STRICT_PROTOTYPES = YES;
				CLANG_WARN_SUSPICIOUS_MOVE = YES;
				CLANG_WARN_UNGUARDED_AVAILABILITY = YES_AGGRESSIVE;
				CLANG_WARN_UNREACHABLE_CODE = YES;
				CLANG_WARN__DUPLICATE_METHOD_MATCH = YES;
				COPY_PHASE_STRIP = NO;
				DEBUG_INFORMATION_FORMAT = "dwarf-with-dsym";
				ENABLE_NS_ASSERTIONS = NO;
				ENABLE_STRICT_OBJC_MSGSEND = YES;
				ENABLE_USER_SCRIPT_SANDBOXING = YES;
				GCC_C_LANGUAGE_STANDARD = gnu17;
				GCC_NO_COMMON_BLOCKS = YES;
				GCC_WARN_64_TO_32_BIT_CONVERSION = YES;
				GCC_WARN_ABOUT_RETURN_TYPE = YES_ERROR;
				GCC_WARN_UNDECLARED_SELECTOR = YES;
				GCC_WARN_UNINITIALIZED_AUTOS = YES_AGGRESSIVE;
				GCC_WARN_UNUSED_FUNCTION = YES;
				GCC_WARN_UNUSED_VARIABLE = YES;
				IPHONEOS_DEPLOYMENT_TARGET = 16.0;
				LOCALIZATION_PREFERS_STRING_CATALOGS = YES;
				MTL_ENABLE_DEBUG_INFO = NO;
				MTL_FAST_MATH = YES;
				SDKROOT = iphoneos;
				SWIFT_COMPILATION_MODE = wholemodule;
				VALIDATE_PRODUCT = YES;
			};
			name = Release;
		};
		FA35905F2C33B2AD00E417B1 /* Debug */ = {
			isa = XCBuildConfiguration;
			buildSettings = {
				ASSETCATALOG_COMPILER_APPICON_NAME = AppIcon;
				ASSETCATALOG_COMPILER_GLOBAL_ACCENT_COLOR_NAME = AccentColor;
				CODE_SIGN_STYLE = Automatic;
				CURRENT_PROJECT_VERSION = 1;
				DEVELOPMENT_TEAM = 6P3ZM853J8;
				GENERATE_INFOPLIST_FILE = YES;
				INFOPLIST_FILE = SophiePhotos/Info.plist;
				INFOPLIST_KEY_NSCameraUsageDescription = "Please allow access to camera to use this app";
				INFOPLIST_KEY_UIApplicationSupportsIndirectInputEvents = YES;
				INFOPLIST_KEY_UILaunchStoryboardName = LaunchScreen;
				INFOPLIST_KEY_UISupportedInterfaceOrientations = "UIInterfaceOrientationLandscapeLeft UIInterfaceOrientationLandscapeRight UIInterfaceOrientationPortrait UIInterfaceOrientationPortraitUpsideDown";
				LD_RUNPATH_SEARCH_PATHS = (
					"$(inherited)",
					"@executable_path/Frameworks",
				);
				MARKETING_VERSION = 1.0;
				PRODUCT_BUNDLE_IDENTIFIER = com.HEJ.SophiePhotos;
				PRODUCT_NAME = "$(TARGET_NAME)";
				SWIFT_EMIT_LOC_STRINGS = YES;
				SWIFT_VERSION = 5.0;
				TARGETED_DEVICE_FAMILY = "1,2";
			};
			name = Debug;
		};
		FA3590602C33B2AD00E417B1 /* Release */ = {
			isa = XCBuildConfiguration;
			buildSettings = {
				ASSETCATALOG_COMPILER_APPICON_NAME = AppIcon;
				ASSETCATALOG_COMPILER_GLOBAL_ACCENT_COLOR_NAME = AccentColor;
				CODE_SIGN_STYLE = Automatic;
				CURRENT_PROJECT_VERSION = 1;
				DEVELOPMENT_TEAM = 6P3ZM853J8;
				GENERATE_INFOPLIST_FILE = YES;
				INFOPLIST_FILE = SophiePhotos/Info.plist;
				INFOPLIST_KEY_NSCameraUsageDescription = "Please allow access to camera to use this app";
				INFOPLIST_KEY_UIApplicationSupportsIndirectInputEvents = YES;
				INFOPLIST_KEY_UILaunchStoryboardName = LaunchScreen;
				INFOPLIST_KEY_UISupportedInterfaceOrientations = "UIInterfaceOrientationLandscapeLeft UIInterfaceOrientationLandscapeRight UIInterfaceOrientationPortrait UIInterfaceOrientationPortraitUpsideDown";
				LD_RUNPATH_SEARCH_PATHS = (
					"$(inherited)",
					"@executable_path/Frameworks",
				);
				MARKETING_VERSION = 1.0;
				PRODUCT_BUNDLE_IDENTIFIER = com.HEJ.SophiePhotos;
				PRODUCT_NAME = "$(TARGET_NAME)";
				SWIFT_EMIT_LOC_STRINGS = YES;
				SWIFT_VERSION = 5.0;
				TARGETED_DEVICE_FAMILY = "1,2";
			};
			name = Release;
		};
/* End XCBuildConfiguration section */

/* Begin XCConfigurationList section */
		FA3590452C33B2AC00E417B1 /* Build configuration list for PBXProject "SophiePhotos" */ = {
			isa = XCConfigurationList;
			buildConfigurations = (
				FA35905C2C33B2AD00E417B1 /* Debug */,
				FA35905D2C33B2AD00E417B1 /* Release */,
			);
			defaultConfigurationIsVisible = 0;
			defaultConfigurationName = Release;
		};
		FA35905E2C33B2AD00E417B1 /* Build configuration list for PBXNativeTarget "SophiePhotos" */ = {
			isa = XCConfigurationList;
			buildConfigurations = (
				FA35905F2C33B2AD00E417B1 /* Debug */,
				FA3590602C33B2AD00E417B1 /* Release */,
			);
			defaultConfigurationIsVisible = 0;
			defaultConfigurationName = Release;
		};
/* End XCConfigurationList section */

/* Begin XCRemoteSwiftPackageReference section */
		FA35906E2C34D44800E417B1 /* XCRemoteSwiftPackageReference "firebase-ios-sdk" */ = {
			isa = XCRemoteSwiftPackageReference;
			repositoryURL = "https://github.com/firebase/firebase-ios-sdk";
			requirement = {
				kind = upToNextMajorVersion;
				minimumVersion = 10.28.1;
			};
		};
/* End XCRemoteSwiftPackageReference section */

/* Begin XCSwiftPackageProductDependency section */
		FA35906F2C34D44800E417B1 /* FirebaseStorage */ = {
			isa = XCSwiftPackageProductDependency;
			package = FA35906E2C34D44800E417B1 /* XCRemoteSwiftPackageReference "firebase-ios-sdk" */;
			productName = FirebaseStorage;
		};
/* End XCSwiftPackageProductDependency section */
	};
	rootObject = FA3590422C33B2AC00E417B1 /* Project object */;
}
